
Microsoft Visual Studio Solution File, Format Version 12.00
# Visual Studio Version 17
VisualStudioVersion = 17.7.34009.444
MinimumVisualStudioVersion = 10.0.40219.1
Project("{FAE04EC0-301F-11D3-BF4B-00C04F79EFBC}") = "CodePulse.API", "CodePulse.API\CodePulse.API.csproj", "{0B38A2D5-9AEF-456D-9507-FE8D38A590F1}"
EndProject
Global
	GlobalSection(SolutionConfigurationPlatforms) = preSolution
		Debug|Any CPU = Debug|Any CPU
		Release|Any CPU = Release|Any CPU
	EndGlobalSection
	GlobalSection(ProjectConfigurationPlatforms) = postSolution
		{0B38A2D5-9AEF-456D-9507-FE8D38A590F1}.Debug|Any CPU.ActiveCfg = Debug|Any CPU
		{0B38A2D5-9AEF-456D-9507-FE8D38A590F1}.Debug|Any CPU.Build.0 = Debug|Any CPU
		{0B38A2D5-9AEF-456D-9507-FE8D38A590F1}.Release|Any CPU.ActiveCfg = Release|Any CPU
		{0B38A2D5-9AEF-456D-9507-FE8D38A590F1}.Release|Any CPU.Build.0 = Release|Any CPU
	EndGlobalSection
	GlobalSection(SolutionProperties) = preSolution
		HideSolutionNode = FALSE
	EndGlobalSection
	GlobalSection(ExtensibilityGlobals) = postSolution
		SolutionGuid = {F2301DCE-CE6F-4EA9-B59D-68E0AEFD57FE}
	EndGlobalSection
EndGlobal
